
Microsoft Visual Studio Solution File, Format Version 12.00
# Visual Studio 15
VisualStudioVersion = 15.0.28010.2026
MinimumVisualStudioVersion = 10.0.40219.1
Project("{9A19103F-16F7-4668-BE54-9A1E7A4F7556}") = "BalancedString", "src\BalancedString\BalancedString.csproj", "{9997E574-C7B7-4959-B2F4-E460B9644B68}"
EndProject
Global
	GlobalSection(SolutionConfigurationPlatforms) = preSolution
		Debug|Any CPU = Debug|Any CPU
		Release|Any CPU = Release|Any CPU
	EndGlobalSection
	GlobalSection(ProjectConfigurationPlatforms) = postSolution
		{9997E574-C7B7-4959-B2F4-E460B9644B68}.Debug|Any CPU.ActiveCfg = Debug|Any CPU
		{9997E574-C7B7-4959-B2F4-E460B9644B68}.Debug|Any CPU.Build.0 = Debug|Any CPU
		{9997E574-C7B7-4959-B2F4-E460B9644B68}.Release|Any CPU.ActiveCfg = Release|Any CPU
		{9997E574-C7B7-4959-B2F4-E460B9644B68}.Release|Any CPU.Build.0 = Release|Any CPU
	EndGlobalSection
	GlobalSection(SolutionProperties) = preSolution
		HideSolutionNode = FALSE
	EndGlobalSection
	GlobalSection(ExtensibilityGlobals) = postSolution
		SolutionGuid = {38F1B518-5DD4-40FD-8385-95E385342DDE}
	EndGlobalSection
EndGlobal
